
Microsoft Visual Studio Solution File, Format Version 12.00
# Visual Studio Version 17
VisualStudioVersion = 17.7.34202.233
MinimumVisualStudioVersion = 10.0.40219.1
Project("{FAE04EC0-301F-11D3-BF4B-00C04F79EFBC}") = "poprojekt", "poprojekt.csproj", "{B53D27B8-0A34-49E8-AF9E-682B5E2890AB}"
EndProject
Global
	GlobalSection(SolutionConfigurationPlatforms) = preSolution
		Debug|Any CPU = Debug|Any CPU
		Release|Any CPU = Release|Any CPU
	EndGlobalSection
	GlobalSection(ProjectConfigurationPlatforms) = postSolution
		{B53D27B8-0A34-49E8-AF9E-682B5E2890AB}.Debug|Any CPU.ActiveCfg = Debug|Any CPU
		{B53D27B8-0A34-49E8-AF9E-682B5E2890AB}.Debug|Any CPU.Build.0 = Debug|Any CPU
		{B53D27B8-0A34-49E8-AF9E-682B5E2890AB}.Release|Any CPU.ActiveCfg = Release|Any CPU
		{B53D27B8-0A34-49E8-AF9E-682B5E2890AB}.Release|Any CPU.Build.0 = Release|Any CPU
	EndGlobalSection
	GlobalSection(SolutionProperties) = preSolution
		HideSolutionNode = FALSE
	EndGlobalSection
	GlobalSection(ExtensibilityGlobals) = postSolution
		SolutionGuid = {00398ACC-1959-44A9-B311-06716F2998E7}
	EndGlobalSection
EndGlobal
